
Microsoft Visual Studio Solution File, Format Version 12.00
# Visual Studio 14
VisualStudioVersion = 14.0.25420.1
MinimumVisualStudioVersion = 10.0.40219.1
Project("{FAE04EC0-301F-11D3-BF4B-00C04F79EFBC}") = "SerializeDeserialize", "SerializeDeserialize\SerializeDeserialize.csproj", "{A5F70070-3D59-4DB0-92C2-FDEFF8E5B468}"
EndProject
Project("{FAE04EC0-301F-11D3-BF4B-00C04F79EFBC}") = "Consumer", "Consumer\Consumer.csproj", "{8F41DF70-7E20-4836-BA03-6AA0D70DFFA6}"
EndProject
Project("{FAE04EC0-301F-11D3-BF4B-00C04F79EFBC}") = "ReadWriteSql", "ReadWriteSql\ReadWriteSql.csproj", "{7235D5A3-575D-4D05-8432-F8B468FC7C99}"
EndProject
Global
	GlobalSection(SolutionConfigurationPlatforms) = preSolution
		Debug|Any CPU = Debug|Any CPU
		Release|Any CPU = Release|Any CPU
	EndGlobalSection
	GlobalSection(ProjectConfigurationPlatforms) = postSolution
		{A5F70070-3D59-4DB0-92C2-FDEFF8E5B468}.Debug|Any CPU.ActiveCfg = Debug|Any CPU
		{A5F70070-3D59-4DB0-92C2-FDEFF8E5B468}.Debug|Any CPU.Build.0 = Debug|Any CPU
		{A5F70070-3D59-4DB0-92C2-FDEFF8E5B468}.Release|Any CPU.ActiveCfg = Release|Any CPU
		{A5F70070-3D59-4DB0-92C2-FDEFF8E5B468}.Release|Any CPU.Build.0 = Release|Any CPU
		{8F41DF70-7E20-4836-BA03-6AA0D70DFFA6}.Debug|Any CPU.ActiveCfg = Debug|Any CPU
		{8F41DF70-7E20-4836-BA03-6AA0D70DFFA6}.Debug|Any CPU.Build.0 = Debug|Any CPU
		{8F41DF70-7E20-4836-BA03-6AA0D70DFFA6}.Release|Any CPU.ActiveCfg = Release|Any CPU
		{8F41DF70-7E20-4836-BA03-6AA0D70DFFA6}.Release|Any CPU.Build.0 = Release|Any CPU
		{7235D5A3-575D-4D05-8432-F8B468FC7C99}.Debug|Any CPU.ActiveCfg = Debug|Any CPU
		{7235D5A3-575D-4D05-8432-F8B468FC7C99}.Debug|Any CPU.Build.0 = Debug|Any CPU
		{7235D5A3-575D-4D05-8432-F8B468FC7C99}.Release|Any CPU.ActiveCfg = Release|Any CPU
		{7235D5A3-575D-4D05-8432-F8B468FC7C99}.Release|Any CPU.Build.0 = Release|Any CPU
	EndGlobalSection
	GlobalSection(SolutionProperties) = preSolution
		HideSolutionNode = FALSE
	EndGlobalSection
EndGlobal
